
Microsoft Visual Studio Solution File, Format Version 12.00
# Visual Studio Version 17
VisualStudioVersion = 17.14.36915.13 d17.14
MinimumVisualStudioVersion = 10.0.40219.1
Project("{FAE04EC0-301F-11D3-BF4B-00C04F79EFBC}") = "Calculator", "Calculator\Calculator.csproj", "{EA075E1D-D5ED-4598-A285-C573BADB4229}"
EndProject
Global
	GlobalSection(SolutionConfigurationPlatforms) = preSolution
		Debug|Any CPU = Debug|Any CPU
		Release|Any CPU = Release|Any CPU
	EndGlobalSection
	GlobalSection(ProjectConfigurationPlatforms) = postSolution
		{EA075E1D-D5ED-4598-A285-C573BADB4229}.Debug|Any CPU.ActiveCfg = Debug|Any CPU
		{EA075E1D-D5ED-4598-A285-C573BADB4229}.Debug|Any CPU.Build.0 = Debug|Any CPU
		{EA075E1D-D5ED-4598-A285-C573BADB4229}.Release|Any CPU.ActiveCfg = Release|Any CPU
		{EA075E1D-D5ED-4598-A285-C573BADB4229}.Release|Any CPU.Build.0 = Release|Any CPU
	EndGlobalSection
	GlobalSection(SolutionProperties) = preSolution
		HideSolutionNode = FALSE
	EndGlobalSection
	GlobalSection(ExtensibilityGlobals) = postSolution
		SolutionGuid = {EC4A0235-15EB-4F63-B656-38DC2FA01ECE}
	EndGlobalSection
EndGlobal
