
Microsoft Visual Studio Solution File, Format Version 12.00
# Visual Studio Version 17
VisualStudioVersion = 17.14.36915.13 d17.14
MinimumVisualStudioVersion = 10.0.40219.1
Project("{FAE04EC0-301F-11D3-BF4B-00C04F79EFBC}") = "WpfRoutedEvent_1", "WpfRoutedEvent_1\WpfRoutedEvent_1.csproj", "{BCFD45B0-FD67-44E8-B458-944248F2DD3B}"
EndProject
Global
	GlobalSection(SolutionConfigurationPlatforms) = preSolution
		Debug|Any CPU = Debug|Any CPU
		Release|Any CPU = Release|Any CPU
	EndGlobalSection
	GlobalSection(ProjectConfigurationPlatforms) = postSolution
		{BCFD45B0-FD67-44E8-B458-944248F2DD3B}.Debug|Any CPU.ActiveCfg = Debug|Any CPU
		{BCFD45B0-FD67-44E8-B458-944248F2DD3B}.Debug|Any CPU.Build.0 = Debug|Any CPU
		{BCFD45B0-FD67-44E8-B458-944248F2DD3B}.Release|Any CPU.ActiveCfg = Release|Any CPU
		{BCFD45B0-FD67-44E8-B458-944248F2DD3B}.Release|Any CPU.Build.0 = Release|Any CPU
	EndGlobalSection
	GlobalSection(SolutionProperties) = preSolution
		HideSolutionNode = FALSE
	EndGlobalSection
	GlobalSection(ExtensibilityGlobals) = postSolution
		SolutionGuid = {73471C62-3E8C-48E0-BD2F-DA8CF266E2AD}
	EndGlobalSection
EndGlobal
