
Microsoft Visual Studio Solution File, Format Version 12.00
# Visual Studio Version 17
VisualStudioVersion = 17.14.36915.13 d17.14
MinimumVisualStudioVersion = 10.0.40219.1
Project("{FAE04EC0-301F-11D3-BF4B-00C04F79EFBC}") = "л1 упр5.1", "л1 упр5.1\л1 упр5.1.csproj", "{D8930407-F78E-41ED-BC86-CE5D95E56164}"
EndProject
Global
	GlobalSection(SolutionConfigurationPlatforms) = preSolution
		Debug|Any CPU = Debug|Any CPU
		Release|Any CPU = Release|Any CPU
	EndGlobalSection
	GlobalSection(ProjectConfigurationPlatforms) = postSolution
		{D8930407-F78E-41ED-BC86-CE5D95E56164}.Debug|Any CPU.ActiveCfg = Debug|Any CPU
		{D8930407-F78E-41ED-BC86-CE5D95E56164}.Debug|Any CPU.Build.0 = Debug|Any CPU
		{D8930407-F78E-41ED-BC86-CE5D95E56164}.Release|Any CPU.ActiveCfg = Release|Any CPU
		{D8930407-F78E-41ED-BC86-CE5D95E56164}.Release|Any CPU.Build.0 = Release|Any CPU
	EndGlobalSection
	GlobalSection(SolutionProperties) = preSolution
		HideSolutionNode = FALSE
	EndGlobalSection
	GlobalSection(ExtensibilityGlobals) = postSolution
		SolutionGuid = {1C71B42C-56DD-4E23-9BA1-CAB19CC2CE7A}
	EndGlobalSection
EndGlobal
