
Microsoft Visual Studio Solution File, Format Version 12.00
# Visual Studio Version 17
VisualStudioVersion = 17.14.36915.13 d17.14
MinimumVisualStudioVersion = 10.0.40219.1
Project("{FAE04EC0-301F-11D3-BF4B-00C04F79EFBC}") = "WpfHello", "WpfHello\WpfHello.csproj", "{68BFF020-B250-48B8-9A52-7FB8F716647C}"
EndProject
Global
	GlobalSection(SolutionConfigurationPlatforms) = preSolution
		Debug|Any CPU = Debug|Any CPU
		Release|Any CPU = Release|Any CPU
	EndGlobalSection
	GlobalSection(ProjectConfigurationPlatforms) = postSolution
		{68BFF020-B250-48B8-9A52-7FB8F716647C}.Debug|Any CPU.ActiveCfg = Debug|Any CPU
		{68BFF020-B250-48B8-9A52-7FB8F716647C}.Debug|Any CPU.Build.0 = Debug|Any CPU
		{68BFF020-B250-48B8-9A52-7FB8F716647C}.Release|Any CPU.ActiveCfg = Release|Any CPU
		{68BFF020-B250-48B8-9A52-7FB8F716647C}.Release|Any CPU.Build.0 = Release|Any CPU
	EndGlobalSection
	GlobalSection(SolutionProperties) = preSolution
		HideSolutionNode = FALSE
	EndGlobalSection
	GlobalSection(ExtensibilityGlobals) = postSolution
		SolutionGuid = {8DFC8DB6-DB86-4976-92F7-6DD965D7C71B}
	EndGlobalSection
EndGlobal
